{
  "object": {
    "pins": [
      {
        "package": "CommandRegistry",
        "repositoryURL": "https://github.com/g-Off/CommandRegistry.git",
        "state": {
          "branch": null,
          "revision": "285f03ecdd5f3cce96e85b667a74c2be7e11079b",
          "version": "0.1.0"
        }
      },
      {
        "package": "SwiftPM",
        "repositoryURL": "https://github.com/apple/swift-package-manager.git",
        "state": {
          "branch": null,
          "revision": "235aacc514cb81a6881364b0fedcb3dd083228f3",
          "version": "0.3.0"
        }
      },
      {
        "package": "XcodeProject",
        "repositoryURL": "https://github.com/g-Off/XcodeProject.git",
        "state": {
          "branch": null,
          "revision": "de0150084afc079464675f01f936924cceba4604",
          "version": "0.5.0-alpha.3"
        }
      }
    ]
  },
  "version": 1
}
