{
  "object": {
    "pins": [
      {
        "package": "CommandRegistry",
        "repositoryURL": "https://github.com/g-Off/CommandRegistry.git",
        "state": {
          "branch": "master",
          "revision": "142aa27445e7998c5201b5ec9682698195d6701a",
          "version": null
        }
      },
      {
        "package": "SwiftPM",
        "repositoryURL": "https://github.com/apple/swift-package-manager.git",
        "state": {
          "branch": null,
          "revision": "235aacc514cb81a6881364b0fedcb3dd083228f3",
          "version": "0.3.0"
        }
      },
      {
        "package": "XcodeProject",
        "repositoryURL": "https://github.com/g-Off/XcodeProject.git",
        "state": {
          "branch": null,
          "revision": "9a1e1d107db329c4e0b8cf5cc9b11ad1a79f7156",
          "version": "0.5.0-alpha.2"
        }
      }
    ]
  },
  "version": 1
}
