{
  "object": {
    "pins": [
      {
        "package": "SwiftPM",
        "repositoryURL": "https://github.com/apple/swift-package-manager.git",
        "state": {
          "branch": null,
          "revision": "90abb3c4c9415afee34291e66e655c58a1902784",
          "version": "0.1.0"
        }
      },
      {
        "package": "XcodeProject",
        "repositoryURL": "https://github.com/g-Off/XcodeProject.git",
        "state": {
          "branch": null,
          "revision": "e46eb5645b0e9e762ce7b14ea4bdc9477b991342",
          "version": "0.3.0"
        }
      }
    ]
  },
  "version": 1
}
